{
  "name": "anonymizer",
  "version": "1.0.0",
  "lockfileVersion": 2,
  "requires": true,
  "packages": {
    "": {
      "name": "anonymizer",
      "version": "1.0.0",
      "license": "MIT",
      "dependencies": {
        "dotenv": "^10.0.0"
      },
      "devDependencies": {
        "@openzeppelin/contracts": "^4.3.3",
        "truffle-plugin-verify": "^0.5.18"
      }
    },
    "node_modules/@openzeppelin/contracts": {
      "version": "4.3.3",
      "resolved": "https://registry.npmjs.org/@openzeppelin/contracts/-/contracts-4.3.3.tgz",
      "integrity": "sha512-tDBopO1c98Yk7Cv/PZlHqrvtVjlgK5R4J6jxLwoO7qxK4xqOiZG+zSkIvGFpPZ0ikc3QOED3plgdqjgNTnBc7g==",
      "dev": true
    },
    "node_modules/axios": {
      "version": "0.21.4",
      "resolved": "https://registry.npmjs.org/axios/-/axios-0.21.4.tgz",
      "integrity": "sha512-ut5vewkiu8jjGBdqpM44XxjuCjq9LAKeHVmoVfHVzy8eHgxxq8SbAVQNovDA8mVi05kP0Ea/n/UzcSHcTJQfNg==",
      "dev": true,
      "dependencies": {
        "follow-redirects": "^1.14.0"
      }
    },
    "node_modules/circular": {
      "version": "1.0.5",
      "resolved": "https://registry.npmjs.org/circular/-/circular-1.0.5.tgz",
      "integrity": "sha1-fad6+Yu96c5LWzWM1Va13e0tMUk=",
      "dev": true
    },
    "node_modules/cli-logger": {
      "version": "0.5.40",
      "resolved": "https://registry.npmjs.org/cli-logger/-/cli-logger-0.5.40.tgz",
      "integrity": "sha1-CX8OEbByx8aYomxH9YiinCC0iws=",
      "dev": true,
      "dependencies": {
        "circular": "^1.0.5",
        "cli-util": "~1.1.27"
      }
    },
    "node_modules/cli-regexp": {
      "version": "0.1.2",
      "resolved": "https://registry.npmjs.org/cli-regexp/-/cli-regexp-0.1.2.tgz",
      "integrity": "sha1-a82TsJ+y7RAl0woRVdWZeVSlNRI=",
      "dev": true
    },
    "node_modules/cli-util": {
      "version": "1.1.27",
      "resolved": "https://registry.npmjs.org/cli-util/-/cli-util-1.1.27.tgz",
      "integrity": "sha1-QtaeNqBAoyH8nPhRwVE8rcUJMFQ=",
      "dev": true,
      "dependencies": {
        "cli-regexp": "~0.1.0"
      }
    },
    "node_modules/delay": {
      "version": "5.0.0",
      "resolved": "https://registry.npmjs.org/delay/-/delay-5.0.0.tgz",
      "integrity": "sha512-ReEBKkIfe4ya47wlPYf/gu5ib6yUG0/Aez0JQZQz94kiWtRQvZIQbTiehsnwHvLSWJnQdhVeqYue7Id1dKr0qw==",
      "dev": true,
      "engines": {
        "node": ">=10"
      },
      "funding": {
        "url": "https://github.com/sponsors/sindresorhus"
      }
    },
    "node_modules/dotenv": {
      "version": "10.0.0",
      "resolved": "https://registry.npmjs.org/dotenv/-/dotenv-10.0.0.tgz",
      "integrity": "sha512-rlBi9d8jpv9Sf1klPjNfFAuWDjKLwTIJJ/VxtoTwIR6hnZxcEOQCZg2oIL3MWBYw5GpUDKOEnND7LXTbIpQ03Q==",
      "engines": {
        "node": ">=10"
      }
    },
    "node_modules/follow-redirects": {
      "version": "1.14.5",
      "resolved": "https://registry.npmjs.org/follow-redirects/-/follow-redirects-1.14.5.tgz",
      "integrity": "sha512-wtphSXy7d4/OR+MvIFbCVBDzZ5520qV8XfPklSN5QtxuMUJZ+b0Wnst1e1lCDocfzuCkHqj8k0FpZqO+UIaKNA==",
      "dev": true,
      "funding": [
        {
          "type": "individual",
          "url": "https://github.com/sponsors/RubenVerborgh"
        }
      ],
      "engines": {
        "node": ">=4.0"
      },
      "peerDependenciesMeta": {
        "debug": {
          "optional": true
        }
      }
    },
    "node_modules/querystring": {
      "version": "0.2.1",
      "resolved": "https://registry.npmjs.org/querystring/-/querystring-0.2.1.tgz",
      "integrity": "sha512-wkvS7mL/JMugcup3/rMitHmd9ecIGd2lhFhK9N3UUQ450h66d1r3Y9nvXzQAW1Lq+wyx61k/1pfKS5KuKiyEbg==",
      "deprecated": "The querystring API is considered Legacy. new code should use the URLSearchParams API instead.",
      "dev": true,
      "engines": {
        "node": ">=0.4.x"
      }
    },
    "node_modules/truffle-plugin-verify": {
      "version": "0.5.18",
      "resolved": "https://registry.npmjs.org/truffle-plugin-verify/-/truffle-plugin-verify-0.5.18.tgz",
      "integrity": "sha512-yqozlnupddTyabpUETwPZkaNSZWOtfeijy7qaDYlWGOmxfWdI3TYjRsKJVqdLf22BPpE1VK4081RLXXfNbISGg==",
      "dev": true,
      "dependencies": {
        "axios": "^0.21.1",
        "cli-logger": "^0.5.40",
        "delay": "^5.0.0",
        "querystring": "^0.2.1"
      }
    }
  },
  "dependencies": {
    "@openzeppelin/contracts": {
      "version": "4.3.3",
      "resolved": "https://registry.npmjs.org/@openzeppelin/contracts/-/contracts-4.3.3.tgz",
      "integrity": "sha512-tDBopO1c98Yk7Cv/PZlHqrvtVjlgK5R4J6jxLwoO7qxK4xqOiZG+zSkIvGFpPZ0ikc3QOED3plgdqjgNTnBc7g==",
      "dev": true
    },
    "axios": {
      "version": "0.21.4",
      "resolved": "https://registry.npmjs.org/axios/-/axios-0.21.4.tgz",
      "integrity": "sha512-ut5vewkiu8jjGBdqpM44XxjuCjq9LAKeHVmoVfHVzy8eHgxxq8SbAVQNovDA8mVi05kP0Ea/n/UzcSHcTJQfNg==",
      "dev": true,
      "requires": {
        "follow-redirects": "^1.14.0"
      }
    },
    "circular": {
      "version": "1.0.5",
      "resolved": "https://registry.npmjs.org/circular/-/circular-1.0.5.tgz",
      "integrity": "sha1-fad6+Yu96c5LWzWM1Va13e0tMUk=",
      "dev": true
    },
    "cli-logger": {
      "version": "0.5.40",
      "resolved": "https://registry.npmjs.org/cli-logger/-/cli-logger-0.5.40.tgz",
      "integrity": "sha1-CX8OEbByx8aYomxH9YiinCC0iws=",
      "dev": true,
      "requires": {
        "circular": "^1.0.5",
        "cli-util": "~1.1.27"
      }
    },
    "cli-regexp": {
      "version": "0.1.2",
      "resolved": "https://registry.npmjs.org/cli-regexp/-/cli-regexp-0.1.2.tgz",
      "integrity": "sha1-a82TsJ+y7RAl0woRVdWZeVSlNRI=",
      "dev": true
    },
    "cli-util": {
      "version": "1.1.27",
      "resolved": "https://registry.npmjs.org/cli-util/-/cli-util-1.1.27.tgz",
      "integrity": "sha1-QtaeNqBAoyH8nPhRwVE8rcUJMFQ=",
      "dev": true,
      "requires": {
        "cli-regexp": "~0.1.0"
      }
    },
    "delay": {
      "version": "5.0.0",
      "resolved": "https://registry.npmjs.org/delay/-/delay-5.0.0.tgz",
      "integrity": "sha512-ReEBKkIfe4ya47wlPYf/gu5ib6yUG0/Aez0JQZQz94kiWtRQvZIQbTiehsnwHvLSWJnQdhVeqYue7Id1dKr0qw==",
      "dev": true
    },
    "dotenv": {
      "version": "10.0.0",
      "resolved": "https://registry.npmjs.org/dotenv/-/dotenv-10.0.0.tgz",
      "integrity": "sha512-rlBi9d8jpv9Sf1klPjNfFAuWDjKLwTIJJ/VxtoTwIR6hnZxcEOQCZg2oIL3MWBYw5GpUDKOEnND7LXTbIpQ03Q=="
    },
    "follow-redirects": {
      "version": "1.14.5",
      "resolved": "https://registry.npmjs.org/follow-redirects/-/follow-redirects-1.14.5.tgz",
      "integrity": "sha512-wtphSXy7d4/OR+MvIFbCVBDzZ5520qV8XfPklSN5QtxuMUJZ+b0Wnst1e1lCDocfzuCkHqj8k0FpZqO+UIaKNA==",
      "dev": true
    },
    "querystring": {
      "version": "0.2.1",
      "resolved": "https://registry.npmjs.org/querystring/-/querystring-0.2.1.tgz",
      "integrity": "sha512-wkvS7mL/JMugcup3/rMitHmd9ecIGd2lhFhK9N3UUQ450h66d1r3Y9nvXzQAW1Lq+wyx61k/1pfKS5KuKiyEbg==",
      "dev": true
    },
    "truffle-plugin-verify": {
      "version": "0.5.18",
      "resolved": "https://registry.npmjs.org/truffle-plugin-verify/-/truffle-plugin-verify-0.5.18.tgz",
      "integrity": "sha512-yqozlnupddTyabpUETwPZkaNSZWOtfeijy7qaDYlWGOmxfWdI3TYjRsKJVqdLf22BPpE1VK4081RLXXfNbISGg==",
      "dev": true,
      "requires": {
        "axios": "^0.21.1",
        "cli-logger": "^0.5.40",
        "delay": "^5.0.0",
        "querystring": "^0.2.1"
      }
    }
  }
}
